// !$*UTF8*$!
{
	archiveVersion = 1;
	classes = {
	};
	objectVersion = 50;
	objects = {

/* Begin PBXBuildFile section */
		BF1878F520818CC900D97F9B /* AppDelegate.swift in Sources */ = {isa = PBXBuildFile; fileRef = BF1878F420818CC900D97F9B /* AppDelegate.swift */; };
		BF1878F720818CC900D97F9B /* ViewController.swift in Sources */ = {isa = PBXBuildFile; fileRef = BF1878F620818CC900D97F9B /* ViewController.swift */; };
		BF1878FA20818CC900D97F9B /* Main.storyboard in Resources */ = {isa = PBXBuildFile; fileRef = BF1878F820818CC900D97F9B /* Main.storyboard */; };
		BF1878FC20818CD000D97F9B /* Assets.xcassets in Resources */ = {isa = PBXBuildFile; fileRef = BF1878FB20818CD000D97F9B /* Assets.xcassets */; };
		BF1878FF20818CD000D97F9B /* LaunchScreen.storyboard in Resources */ = {isa = PBXBuildFile; fileRef = BF1878FD20818CD000D97F9B /* LaunchScreen.storyboard */; };
		BF18790720818E8C00D97F9B /* CardsViewController.swift in Sources */ = {isa = PBXBuildFile; fileRef = BF18790620818E8C00D97F9B /* CardsViewController.swift */; };
		BF674F4D20845D720083AD0C /* ProfileViewController.swift in Sources */ = {isa = PBXBuildFile; fileRef = BF674F4C20845D720083AD0C /* ProfileViewController.swift */; };
/* End PBXBuildFile section */

/* Begin PBXFileReference section */
		BF1878F120818CC900D97F9B /* tinder_clone.app */ = {isa = PBXFileReference; explicitFileType = wrapper.application; includeInIndex = 0; path = tinder_clone.app; sourceTree = BUILT_PRODUCTS_DIR; };
		BF1878F420818CC900D97F9B /* AppDelegate.swift */ = {isa = PBXFileReference; lastKnownFileType = sourcecode.swift; path = AppDelegate.swift; sourceTree = "<group>"; };
		BF1878F620818CC900D97F9B /* ViewController.swift */ = {isa = PBXFileReference; lastKnownFileType = sourcecode.swift; path = ViewController.swift; sourceTree = "<group>"; };
		BF1878F920818CC900D97F9B /* Base */ = {isa = PBXFileReference; lastKnownFileType = file.storyboard; name = Base; path = Base.lproj/Main.storyboard; sourceTree = "<group>"; };
		BF1878FB20818CD000D97F9B /* Assets.xcassets */ = {isa = PBXFileReference; lastKnownFileType = folder.assetcatalog; path = Assets.xcassets; sourceTree = "<group>"; };
		BF1878FE20818CD000D97F9B /* Base */ = {isa = PBXFileReference; lastKnownFileType = file.storyboard; name = Base; path = Base.lproj/LaunchScreen.storyboard; sourceTree = "<group>"; };
		BF18790020818CD000D97F9B /* Info.plist */ = {isa = PBXFileReference; lastKnownFileType = text.plist.xml; path = Info.plist; sourceTree = "<group>"; };
		BF18790620818E8C00D97F9B /* CardsViewController.swift */ = {isa = PBXFileReference; lastKnownFileType = sourcecode.swift; path = CardsViewController.swift; sourceTree = "<group>"; };
		BF674F4C20845D720083AD0C /* ProfileViewController.swift */ = {isa = PBXFileReference; lastKnownFileType = sourcecode.swift; path = ProfileViewController.swift; sourceTree = "<group>"; };
/* End PBXFileReference section */

/* Begin PBXFrameworksBuildPhase section */
		BF1878EE20818CC900D97F9B /* Frameworks */ = {
			isa = PBXFrameworksBuildPhase;
			buildActionMask = 2147483647;
			files = (
			);
			runOnlyForDeploymentPostprocessing = 0;
		};
/* End PBXFrameworksBuildPhase section */

/* Begin PBXGroup section */
		BF1878E820818CC900D97F9B = {
			isa = PBXGroup;
			children = (
				BF1878F320818CC900D97F9B /* tinder_clone */,
				BF1878F220818CC900D97F9B /* Products */,
			);
			sourceTree = "<group>";
		};
		BF1878F220818CC900D97F9B /* Products */ = {
			isa = PBXGroup;
			children = (
				BF1878F120818CC900D97F9B /* tinder_clone.app */,
			);
			name = Products;
			sourceTree = "<group>";
		};
		BF1878F320818CC900D97F9B /* tinder_clone */ = {
			isa = PBXGroup;
			children = (
				BF1878F420818CC900D97F9B /* AppDelegate.swift */,
				BF1878F620818CC900D97F9B /* ViewController.swift */,
				BF1878F820818CC900D97F9B /* Main.storyboard */,
				BF1878FB20818CD000D97F9B /* Assets.xcassets */,
				BF1878FD20818CD000D97F9B /* LaunchScreen.storyboard */,
				BF18790020818CD000D97F9B /* Info.plist */,
				BF18790620818E8C00D97F9B /* CardsViewController.swift */,
				BF674F4C20845D720083AD0C /* ProfileViewController.swift */,
			);
			path = tinder_clone;
			sourceTree = "<group>";
		};
/* End PBXGroup section */

/* Begin PBXNativeTarget section */
		BF1878F020818CC900D97F9B /* tinder_clone */ = {
			isa = PBXNativeTarget;
			buildConfigurationList = BF18790320818CD000D97F9B /* Build configuration list for PBXNativeTarget "tinder_clone" */;
			buildPhases = (
				BF1878ED20818CC900D97F9B /* Sources */,
				BF1878EE20818CC900D97F9B /* Frameworks */,
				BF1878EF20818CC900D97F9B /* Resources */,
			);
			buildRules = (
			);
			dependencies = (
			);
			name = tinder_clone;
			productName = tinder_clone;
			productReference = BF1878F120818CC900D97F9B /* tinder_clone.app */;
			productType = "com.apple.product-type.application";
		};
/* End PBXNativeTarget section */

/* Begin PBXProject section */
		BF1878E920818CC900D97F9B /* Project object */ = {
			isa = PBXProject;
			attributes = {
				LastSwiftUpdateCheck = 0930;
				LastUpgradeCheck = 0930;
				ORGANIZATIONNAME = "Kelvin Lui";
				TargetAttributes = {
					BF1878F020818CC900D97F9B = {
						CreatedOnToolsVersion = 9.3;
					};
				};
			};
			buildConfigurationList = BF1878EC20818CC900D97F9B /* Build configuration list for PBXProject "tinder_clone" */;
			compatibilityVersion = "Xcode 9.3";
			developmentRegion = en;
			hasScannedForEncodings = 0;
			knownRegions = (
				en,
				Base,
			);
			mainGroup = BF1878E820818CC900D97F9B;
			productRefGroup = BF1878F220818CC900D97F9B /* Products */;
			projectDirPath = "";
			projectRoot = "";
			targets = (
				BF1878F020818CC900D97F9B /* tinder_clone */,
			);
		};
/* End PBXProject section */

/* Begin PBXResourcesBuildPhase section */
		BF1878EF20818CC900D97F9B /* Resources */ = {
			isa = PBXResourcesBuildPhase;
			buildActionMask = 2147483647;
			files = (
				BF1878FF20818CD000D97F9B /* LaunchScreen.storyboard in Resources */,
				BF1878FC20818CD000D97F9B /* Assets.xcassets in Resources */,
				BF1878FA20818CC900D97F9B /* Main.storyboard in Resources */,
			);
			runOnlyForDeploymentPostprocessing = 0;
		};
/* End PBXResourcesBuildPhase section */

/* Begin PBXSourcesBuildPhase section */
		BF1878ED20818CC900D97F9B /* Sources */ = {
			isa = PBXSourcesBuildPhase;
			buildActionMask = 2147483647;
			files = (
				BF1878F720818CC900D97F9B /* ViewController.swift in Sources */,
				BF1878F520818CC900D97F9B /* AppDelegate.swift in Sources */,
				BF674F4D20845D720083AD0C /* ProfileViewController.swift in Sources */,
				BF18790720818E8C00D97F9B /* CardsViewController.swift in Sources */,
			);
			runOnlyForDeploymentPostprocessing = 0;
		};
/* End PBXSourcesBuildPhase section */

/* Begin PBXVariantGroup section */
		BF1878F820818CC900D97F9B /* Main.storyboard */ = {
			isa = PBXVariantGroup;
			children = (
				BF1878F920818CC900D97F9B /* Base */,
			);
			name = Main.storyboard;
			sourceTree = "<group>";
		};
		BF1878FD20818CD000D97F9B /* LaunchScreen.storyboard */ = {
			isa = PBXVariantGroup;
			children = (
				BF1878FE20818CD000D97F9B /* Base */,
			);
			name = LaunchScreen.storyboard;
			sourceTree = "<group>";
		};
/* End PBXVariantGroup section */

/* Begin XCBuildConfiguration section */
		BF18790120818CD000D97F9B /* Debug */ = {
			isa = XCBuildConfiguration;
			buildSettings = {
				ALWAYS_SEARCH_USER_PATHS = NO;
				CLANG_ANALYZER_NONNULL = YES;
				CLANG_ANALYZER_NUMBER_OBJECT_CONVERSION = YES_AGGRESSIVE;
				CLANG_CXX_LANGUAGE_STANDARD = "gnu++14";
				CLANG_CXX_LIBRARY = "libc++";
				CLANG_ENABLE_MODULES = YES;
				CLANG_ENABLE_OBJC_ARC = YES;
				CLANG_ENABLE_OBJC_WEAK = YES;
				CLANG_WARN_BLOCK_CAPTURE_AUTORELEASING = YES;
				CLANG_WARN_BOOL_CONVERSION = YES;
				CLANG_WARN_COMMA = YES;
				CLANG_WARN_CONSTANT_CONVERSION = YES;
				CLANG_WARN_DEPRECATED_OBJC_IMPLEMENTATIONS = YES;
				CLANG_WARN_DIRECT_OBJC_ISA_USAGE = YES_ERROR;
				CLANG_WARN_DOCUMENTATION_COMMENTS = YES;
				CLANG_WARN_EMPTY_BODY = YES;
				CLANG_WARN_ENUM_CONVERSION = YES;
				CLANG_WARN_INFINITE_RECURSION = YES;
				CLANG_WARN_INT_CONVERSION = YES;
				CLANG_WARN_NON_LITERAL_NULL_CONVERSION = YES;
				CLANG_WARN_OBJC_IMPLICIT_RETAIN_SELF = YES;
				CLANG_WARN_OBJC_LITERAL_CONVERSION = YES;
				CLANG_WARN_OBJC_ROOT_CLASS = YES_ERROR;
				CLANG_WARN_RANGE_LOOP_ANALYSIS = YES;
				CLANG_WARN_STRICT_PROTOTYPES = YES;
				CLANG_WARN_SUSPICIOUS_MOVE = YES;
				CLANG_WARN_UNGUARDED_AVAILABILITY = YES_AGGRESSIVE;
				CLANG_WARN_UNREACHABLE_CODE = YES;
				CLANG_WARN__DUPLICATE_METHOD_MATCH = YES;
				CODE_SIGN_IDENTITY = "iPhone Developer";
				COPY_PHASE_STRIP = NO;
				DEBUG_INFORMATION_FORMAT = dwarf;
				ENABLE_STRICT_OBJC_MSGSEND = YES;
				ENABLE_TESTABILITY = YES;
				GCC_C_LANGUAGE_STANDARD = gnu11;
				GCC_DYNAMIC_NO_PIC = NO;
				GCC_NO_COMMON_BLOCKS = YES;
				GCC_OPTIMIZATION_LEVEL = 0;
				GCC_PREPROCESSOR_DEFINITIONS = (
					"DEBUG=1",
					"$(inherited)",
				);
				GCC_WARN_64_TO_32_BIT_CONVERSION = YES;
				GCC_WARN_ABOUT_RETURN_TYPE = YES_ERROR;
				GCC_WARN_UNDECLARED_SELECTOR = YES;
				GCC_WARN_UNINITIALIZED_AUTOS = YES_AGGRESSIVE;
				GCC_WARN_UNUSED_FUNCTION = YES;
				GCC_WARN_UNUSED_VARIABLE = YES;
				IPHONEOS_DEPLOYMENT_TARGET = 11.3;
				MTL_ENABLE_DEBUG_INFO = YES;
				ONLY_ACTIVE_ARCH = YES;
				SDKROOT = iphoneos;
				SWIFT_ACTIVE_COMPILATION_CONDITIONS = DEBUG;
				SWIFT_OPTIMIZATION_LEVEL = "-Onone";
			};
			name = Debug;
		};
		BF18790220818CD000D97F9B /* Release */ = {
			isa = XCBuildConfiguration;
			buildSettings = {
				ALWAYS_SEARCH_USER_PATHS = NO;
				CLANG_ANALYZER_NONNULL = YES;
				CLANG_ANALYZER_NUMBER_OBJECT_CONVERSION = YES_AGGRESSIVE;
				CLANG_CXX_LANGUAGE_STANDARD = "gnu++14";
				CLANG_CXX_LIBRARY = "libc++";
				CLANG_ENABLE_MODULES = YES;
				CLANG_ENABLE_OBJC_ARC = YES;
				CLANG_ENABLE_OBJC_WEAK = YES;
				CLANG_WARN_BLOCK_CAPTURE_AUTORELEASING = YES;
				CLANG_WARN_BOOL_CONVERSION = YES;
				CLANG_WARN_COMMA = YES;
				CLANG_WARN_CONSTANT_CONVERSION = YES;
				CLANG_WARN_DEPRECATED_OBJC_IMPLEMENTATIONS = YES;
				CLANG_WARN_DIRECT_OBJC_ISA_USAGE = YES_ERROR;
				CLANG_WARN_DOCUMENTATION_COMMENTS = YES;
				CLANG_WARN_EMPTY_BODY = YES;
				CLANG_WARN_ENUM_CONVERSION = YES;
				CLANG_WARN_INFINITE_RECURSION = YES;
				CLANG_WARN_INT_CONVERSION = YES;
				CLANG_WARN_NON_LITERAL_NULL_CONVERSION = YES;
				CLANG_WARN_OBJC_IMPLICIT_RETAIN_SELF = YES;
				CLANG_WARN_OBJC_LITERAL_CONVERSION = YES;
				CLANG_WARN_OBJC_ROOT_CLASS = YES_ERROR;
				CLANG_WARN_RANGE_LOOP_ANALYSIS = YES;
				CLANG_WARN_STRICT_PROTOTYPES = YES;
				CLANG_WARN_SUSPICIOUS_MOVE = YES;
				CLANG_WARN_UNGUARDED_AVAILABILITY = YES_AGGRESSIVE;
				CLANG_WARN_UNREACHABLE_CODE = YES;
				CLANG_WARN__DUPLICATE_METHOD_MATCH = YES;
				CODE_SIGN_IDENTITY = "iPhone Developer";
				COPY_PHASE_STRIP = NO;
				DEBUG_INFORMATION_FORMAT = "dwarf-with-dsym";
				ENABLE_NS_ASSERTIONS = NO;
				ENABLE_STRICT_OBJC_MSGSEND = YES;
				GCC_C_LANGUAGE_STANDARD = gnu11;
				GCC_NO_COMMON_BLOCKS = YES;
				GCC_WARN_64_TO_32_BIT_CONVERSION = YES;
				GCC_WARN_ABOUT_RETURN_TYPE = YES_ERROR;
				GCC_WARN_UNDECLARED_SELECTOR = YES;
				GCC_WARN_UNINITIALIZED_AUTOS = YES_AGGRESSIVE;
				GCC_WARN_UNUSED_FUNCTION = YES;
				GCC_WARN_UNUSED_VARIABLE = YES;
				IPHONEOS_DEPLOYMENT_TARGET = 11.3;
				MTL_ENABLE_DEBUG_INFO = NO;
				SDKROOT = iphoneos;
				SWIFT_COMPILATION_MODE = wholemodule;
				SWIFT_OPTIMIZATION_LEVEL = "-O";
				VALIDATE_PRODUCT = YES;
			};
			name = Release;
		};
		BF18790420818CD000D97F9B /* Debug */ = {
			isa = XCBuildConfiguration;
			buildSettings = {
				ASSETCATALOG_COMPILER_APPICON_NAME = AppIcon;
				CODE_SIGN_STYLE = Automatic;
				DEVELOPMENT_TEAM = 2Y5XUSGWXK;
				INFOPLIST_FILE = tinder_clone/Info.plist;
				LD_RUNPATH_SEARCH_PATHS = (
					"$(inherited)",
					"@executable_path/Frameworks",
				);
				PRODUCT_BUNDLE_IDENTIFIER = "com.kinmanlui.tinder-clone";
				PRODUCT_NAME = "$(TARGET_NAME)";
				SWIFT_VERSION = 4.0;
				TARGETED_DEVICE_FAMILY = "1,2";
			};
			name = Debug;
		};
		BF18790520818CD000D97F9B /* Release */ = {
			isa = XCBuildConfiguration;
			buildSettings = {
				ASSETCATALOG_COMPILER_APPICON_NAME = AppIcon;
				CODE_SIGN_STYLE = Automatic;
				DEVELOPMENT_TEAM = 2Y5XUSGWXK;
				INFOPLIST_FILE = tinder_clone/Info.plist;
				LD_RUNPATH_SEARCH_PATHS = (
					"$(inherited)",
					"@executable_path/Frameworks",
				);
				PRODUCT_BUNDLE_IDENTIFIER = "com.kinmanlui.tinder-clone";
				PRODUCT_NAME = "$(TARGET_NAME)";
				SWIFT_VERSION = 4.0;
				TARGETED_DEVICE_FAMILY = "1,2";
			};
			name = Release;
		};
/* End XCBuildConfiguration section */

/* Begin XCConfigurationList section */
		BF1878EC20818CC900D97F9B /* Build configuration list for PBXProject "tinder_clone" */ = {
			isa = XCConfigurationList;
			buildConfigurations = (
				BF18790120818CD000D97F9B /* Debug */,
				BF18790220818CD000D97F9B /* Release */,
			);
			defaultConfigurationIsVisible = 0;
			defaultConfigurationName = Release;
		};
		BF18790320818CD000D97F9B /* Build configuration list for PBXNativeTarget "tinder_clone" */ = {
			isa = XCConfigurationList;
			buildConfigurations = (
				BF18790420818CD000D97F9B /* Debug */,
				BF18790520818CD000D97F9B /* Release */,
			);
			defaultConfigurationIsVisible = 0;
			defaultConfigurationName = Release;
		};
/* End XCConfigurationList section */
	};
	rootObject = BF1878E920818CC900D97F9B /* Project object */;
}
